{
  "name": "startup-update-check",
  "version": "1.0.2",
  "lockfileVersion": 1,
  "requires": true,
  "dependencies": {
    "@types/node": {
      "version": "13.1.8",
      "resolved": "https://registry.npmjs.org/@types/node/-/node-13.1.8.tgz",
      "integrity": "sha512-6XzyyNM9EKQW4HKuzbo/CkOIjn/evtCmsU+MUM1xDfJ+3/rNjBttM1NgN7AOQvN6tP1Sl1D1PIKMreTArnxM9A==",
      "dev": true
    },
    "@types/semver": {
      "version": "6.2.0",
      "resolved": "https://registry.npmjs.org/@types/semver/-/semver-6.2.0.tgz",
      "integrity": "sha512-1OzrNb4RuAzIT7wHSsgZRlMBlNsJl+do6UblR7JMW4oB7bbR+uBEYtUh7gEc/jM84GGilh68lSOokyM/zNUlBA==",
      "dev": true
    },
    "lru-cache": {
      "version": "6.0.0",
      "resolved": "https://registry.npmjs.org/lru-cache/-/lru-cache-6.0.0.tgz",
      "integrity": "sha512-Jo6dJ04CmSjuznwJSS3pUeWmd/H0ffTlkXXgwZi+eq1UCmqQwCh+eLsYOYCwY991i2Fah4h1BEMCx4qThGbsiA==",
      "requires": {
        "yallist": "^4.0.0"
      }
    },
    "semver": {
      "version": "7.5.2",
      "resolved": "https://registry.npmjs.org/semver/-/semver-7.5.2.tgz",
      "integrity": "sha512-SoftuTROv/cRjCze/scjGyiDtcUyxw1rgYQSZY7XTmtR5hX+dm76iDbTH8TkLPHCQmlbQVSSbNZCPM2hb0knnQ==",
      "requires": {
        "lru-cache": "^6.0.0"
      }
    },
    "yallist": {
      "version": "4.0.0",
      "resolved": "https://registry.npmjs.org/yallist/-/yallist-4.0.0.tgz",
      "integrity": "sha512-3wdGidZyq5PB084XLES5TpOSRA3wjXAlIWMhum2kRcv/41Sn2emQ0dycQW4uZXLejwKvg6EsvbdlVL+FYEct7A=="
    }
  }
}
